
Microsoft Visual Studio Solution File, Format Version 12.00
# Visual Studio Version 17
VisualStudioVersion = 17.9.34310.174
MinimumVisualStudioVersion = 10.0.40219.1
Project("{9A19103F-16F7-4668-BE54-9A1E7A4F7556}") = "Server", "Server\Server.csproj", "{A140AEDF-51FE-41EF-A67C-119D983113AF}"
EndProject
Project("{9A19103F-16F7-4668-BE54-9A1E7A4F7556}") = "Client", "Client\Client.csproj", "{C4570D1D-2C03-41A7-86E3-BC3701889075}"
EndProject
Project("{9A19103F-16F7-4668-BE54-9A1E7A4F7556}") = "Contracts", "Contracts\Contracts.csproj", "{47144016-908B-4A8E-BCE4-B62CB0079FC0}"
EndProject
Project("{2150E333-8FDC-42A3-9474-1A3956D46DE8}") = "Solution items", "Solution items", "{41442B75-9D2C-4092-B6EF-94B3D2D41585}"
	ProjectSection(SolutionItems) = preProject
		Directory.Build.props = Directory.Build.props
		Readme.md = Readme.md
	EndProjectSection
EndProject
Project("{FAE04EC0-301F-11D3-BF4B-00C04F79EFBC}") = "Contracts.Tests", "Contracts.Tests\Contracts.Tests.csproj", "{693CE969-D75A-4CAA-A025-1347C56691C4}"
EndProject
Global
	GlobalSection(SolutionConfigurationPlatforms) = preSolution
		Debug|Any CPU = Debug|Any CPU
		Release|Any CPU = Release|Any CPU
	EndGlobalSection
	GlobalSection(ProjectConfigurationPlatforms) = postSolution
		{A140AEDF-51FE-41EF-A67C-119D983113AF}.Debug|Any CPU.ActiveCfg = Debug|Any CPU
		{A140AEDF-51FE-41EF-A67C-119D983113AF}.Debug|Any CPU.Build.0 = Debug|Any CPU
		{A140AEDF-51FE-41EF-A67C-119D983113AF}.Release|Any CPU.ActiveCfg = Release|Any CPU
		{A140AEDF-51FE-41EF-A67C-119D983113AF}.Release|Any CPU.Build.0 = Release|Any CPU
		{C4570D1D-2C03-41A7-86E3-BC3701889075}.Debug|Any CPU.ActiveCfg = Debug|Any CPU
		{C4570D1D-2C03-41A7-86E3-BC3701889075}.Debug|Any CPU.Build.0 = Debug|Any CPU
		{C4570D1D-2C03-41A7-86E3-BC3701889075}.Release|Any CPU.ActiveCfg = Release|Any CPU
		{C4570D1D-2C03-41A7-86E3-BC3701889075}.Release|Any CPU.Build.0 = Release|Any CPU
		{47144016-908B-4A8E-BCE4-B62CB0079FC0}.Debug|Any CPU.ActiveCfg = Debug|Any CPU
		{47144016-908B-4A8E-BCE4-B62CB0079FC0}.Debug|Any CPU.Build.0 = Debug|Any CPU
		{47144016-908B-4A8E-BCE4-B62CB0079FC0}.Release|Any CPU.ActiveCfg = Release|Any CPU
		{47144016-908B-4A8E-BCE4-B62CB0079FC0}.Release|Any CPU.Build.0 = Release|Any CPU
		{693CE969-D75A-4CAA-A025-1347C56691C4}.Debug|Any CPU.ActiveCfg = Debug|Any CPU
		{693CE969-D75A-4CAA-A025-1347C56691C4}.Debug|Any CPU.Build.0 = Debug|Any CPU
		{693CE969-D75A-4CAA-A025-1347C56691C4}.Release|Any CPU.ActiveCfg = Release|Any CPU
		{693CE969-D75A-4CAA-A025-1347C56691C4}.Release|Any CPU.Build.0 = Release|Any CPU
	EndGlobalSection
	GlobalSection(SolutionProperties) = preSolution
		HideSolutionNode = FALSE
	EndGlobalSection
	GlobalSection(ExtensibilityGlobals) = postSolution
		SolutionGuid = {2E68F595-0823-47B6-8B27-A02A22C03FA9}
	EndGlobalSection
EndGlobal
